{
  "name": "test",
  "version": "1.0.0",
  "lockfileVersion": 3,
  "requires": true,
  "packages": {
    "": {
      "name": "test",
      "version": "1.0.0",
      "license": "ISC",
      "dependencies": {
        "pseudo-random.js": "^1.3.4"
      }
    },
    "node_modules/pseudo-random.js": {
      "version": "1.3.4",
      "resolved": "https://registry.npmjs.org/pseudo-random.js/-/pseudo-random.js-1.3.4.tgz",
      "integrity": "sha512-UwPfmiDXpTZKE2R+a83JrKePSe/6Vf0MAC2cOtvwBEmIZS7EZ+Hnt297OQD219STH568NsKPESmmD0SscrdQGA=="
    }
  }
}
